// !$*UTF8*$!
{
	archiveVersion = 1;
	classes = {
	};
	objectVersion = 56;
	objects = {

/* Begin PBXBuildFile section */
		18B7731D2CBF20F100F6F149 /* DesignAnInterfaceApp.swift in Sources */ = {isa = PBXBuildFile; fileRef = 18B7731C2CBF20F100F6F149 /* DesignAnInterfaceApp.swift */; };
		18B7731F2CBF20F100F6F149 /* ContentView.swift in Sources */ = {isa = PBXBuildFile; fileRef = 18B7731E2CBF20F100F6F149 /* ContentView.swift */; };
		18B773212CBF20F200F6F149 /* Assets.xcassets in Resources */ = {isa = PBXBuildFile; fileRef = 18B773202CBF20F200F6F149 /* Assets.xcassets */; };
		18B773242CBF20F200F6F149 /* Preview Assets.xcassets in Resources */ = {isa = PBXBuildFile; fileRef = 18B773232CBF20F200F6F149 /* Preview Assets.xcassets */; };
		18B7732E2CBF20F200F6F149 /* DesignAnInterfaceTests.swift in Sources */ = {isa = PBXBuildFile; fileRef = 18B7732D2CBF20F200F6F149 /* DesignAnInterfaceTests.swift */; };
		18B773382CBF20F200F6F149 /* DesignAnInterfaceUITests.swift in Sources */ = {isa = PBXBuildFile; fileRef = 18B773372CBF20F200F6F149 /* DesignAnInterfaceUITests.swift */; };
		18B7733A2CBF20F200F6F149 /* DesignAnInterfaceUITestsLaunchTests.swift in Sources */ = {isa = PBXBuildFile; fileRef = 18B773392CBF20F200F6F149 /* DesignAnInterfaceUITestsLaunchTests.swift */; };
/* End PBXBuildFile section */

/* Begin PBXContainerItemProxy section */
		18B7732A2CBF20F200F6F149 /* PBXContainerItemProxy */ = {
			isa = PBXContainerItemProxy;
			containerPortal = 18B773112CBF20F100F6F149 /* Project object */;
			proxyType = 1;
			remoteGlobalIDString = 18B773182CBF20F100F6F149;
			remoteInfo = DesignAnInterface;
		};
		18B773342CBF20F200F6F149 /* PBXContainerItemProxy */ = {
			isa = PBXContainerItemProxy;
			containerPortal = 18B773112CBF20F100F6F149 /* Project object */;
			proxyType = 1;
			remoteGlobalIDString = 18B773182CBF20F100F6F149;
			remoteInfo = DesignAnInterface;
		};
/* End PBXContainerItemProxy section */

/* Begin PBXFileReference section */
		18B773192CBF20F100F6F149 /* DesignAnInterface.app */ = {isa = PBXFileReference; explicitFileType = wrapper.application; includeInIndex = 0; path = DesignAnInterface.app; sourceTree = BUILT_PRODUCTS_DIR; };
		18B7731C2CBF20F100F6F149 /* DesignAnInterfaceApp.swift */ = {isa = PBXFileReference; lastKnownFileType = sourcecode.swift; path = DesignAnInterfaceApp.swift; sourceTree = "<group>"; };
		18B7731E2CBF20F100F6F149 /* ContentView.swift */ = {isa = PBXFileReference; lastKnownFileType = sourcecode.swift; path = ContentView.swift; sourceTree = "<group>"; };
		18B773202CBF20F200F6F149 /* Assets.xcassets */ = {isa = PBXFileReference; lastKnownFileType = folder.assetcatalog; path = Assets.xcassets; sourceTree = "<group>"; };
		18B773232CBF20F200F6F149 /* Preview Assets.xcassets */ = {isa = PBXFileReference; lastKnownFileType = folder.assetcatalog; path = "Preview Assets.xcassets"; sourceTree = "<group>"; };
		18B773292CBF20F200F6F149 /* DesignAnInterfaceTests.xctest */ = {isa = PBXFileReference; explicitFileType = wrapper.cfbundle; includeInIndex = 0; path = DesignAnInterfaceTests.xctest; sourceTree = BUILT_PRODUCTS_DIR; };
		18B7732D2CBF20F200F6F149 /* DesignAnInterfaceTests.swift */ = {isa = PBXFileReference; lastKnownFileType = sourcecode.swift; path = DesignAnInterfaceTests.swift; sourceTree = "<group>"; };
		18B773332CBF20F200F6F149 /* DesignAnInterfaceUITests.xctest */ = {isa = PBXFileReference; explicitFileType = wrapper.cfbundle; includeInIndex = 0; path = DesignAnInterfaceUITests.xctest; sourceTree = BUILT_PRODUCTS_DIR; };
		18B773372CBF20F200F6F149 /* DesignAnInterfaceUITests.swift */ = {isa = PBXFileReference; lastKnownFileType = sourcecode.swift; path = DesignAnInterfaceUITests.swift; sourceTree = "<group>"; };
		18B773392CBF20F200F6F149 /* DesignAnInterfaceUITestsLaunchTests.swift */ = {isa = PBXFileReference; lastKnownFileType = sourcecode.swift; path = DesignAnInterfaceUITestsLaunchTests.swift; sourceTree = "<group>"; };
/* End PBXFileReference section */

/* Begin PBXFrameworksBuildPhase section */
		18B773162CBF20F100F6F149 /* Frameworks */ = {
			isa = PBXFrameworksBuildPhase;
			buildActionMask = 2147483647;
			files = (
			);
			runOnlyForDeploymentPostprocessing = 0;
		};
		18B773262CBF20F200F6F149 /* Frameworks */ = {
			isa = PBXFrameworksBuildPhase;
			buildActionMask = 2147483647;
			files = (
			);
			runOnlyForDeploymentPostprocessing = 0;
		};
		18B773302CBF20F200F6F149 /* Frameworks */ = {
			isa = PBXFrameworksBuildPhase;
			buildActionMask = 2147483647;
			files = (
			);
			runOnlyForDeploymentPostprocessing = 0;
		};
/* End PBXFrameworksBuildPhase section */

/* Begin PBXGroup section */
		18B773102CBF20F100F6F149 = {
			isa = PBXGroup;
			children = (
				18B7731B2CBF20F100F6F149 /* DesignAnInterface */,
				18B7732C2CBF20F200F6F149 /* DesignAnInterfaceTests */,
				18B773362CBF20F200F6F149 /* DesignAnInterfaceUITests */,
				18B7731A2CBF20F100F6F149 /* Products */,
			);
			sourceTree = "<group>";
		};
		18B7731A2CBF20F100F6F149 /* Products */ = {
			isa = PBXGroup;
			children = (
				18B773192CBF20F100F6F149 /* DesignAnInterface.app */,
				18B773292CBF20F200F6F149 /* DesignAnInterfaceTests.xctest */,
				18B773332CBF20F200F6F149 /* DesignAnInterfaceUITests.xctest */,
			);
			name = Products;
			sourceTree = "<group>";
		};
		18B7731B2CBF20F100F6F149 /* DesignAnInterface */ = {
			isa = PBXGroup;
			children = (
				18B7731C2CBF20F100F6F149 /* DesignAnInterfaceApp.swift */,
				18B7731E2CBF20F100F6F149 /* ContentView.swift */,
				18B773202CBF20F200F6F149 /* Assets.xcassets */,
				18B773222CBF20F200F6F149 /* Preview Content */,
			);
			path = DesignAnInterface;
			sourceTree = "<group>";
		};
		18B773222CBF20F200F6F149 /* Preview Content */ = {
			isa = PBXGroup;
			children = (
				18B773232CBF20F200F6F149 /* Preview Assets.xcassets */,
			);
			path = "Preview Content";
			sourceTree = "<group>";
		};
		18B7732C2CBF20F200F6F149 /* DesignAnInterfaceTests */ = {
			isa = PBXGroup;
			children = (
				18B7732D2CBF20F200F6F149 /* DesignAnInterfaceTests.swift */,
			);
			path = DesignAnInterfaceTests;
			sourceTree = "<group>";
		};
		18B773362CBF20F200F6F149 /* DesignAnInterfaceUITests */ = {
			isa = PBXGroup;
			children = (
				18B773372CBF20F200F6F149 /* DesignAnInterfaceUITests.swift */,
				18B773392CBF20F200F6F149 /* DesignAnInterfaceUITestsLaunchTests.swift */,
			);
			path = DesignAnInterfaceUITests;
			sourceTree = "<group>";
		};
/* End PBXGroup section */

/* Begin PBXNativeTarget section */
		18B773182CBF20F100F6F149 /* DesignAnInterface */ = {
			isa = PBXNativeTarget;
			buildConfigurationList = 18B7733D2CBF20F200F6F149 /* Build configuration list for PBXNativeTarget "DesignAnInterface" */;
			buildPhases = (
				18B773152CBF20F100F6F149 /* Sources */,
				18B773162CBF20F100F6F149 /* Frameworks */,
				18B773172CBF20F100F6F149 /* Resources */,
			);
			buildRules = (
			);
			dependencies = (
			);
			name = DesignAnInterface;
			productName = DesignAnInterface;
			productReference = 18B773192CBF20F100F6F149 /* DesignAnInterface.app */;
			productType = "com.apple.product-type.application";
		};
		18B773282CBF20F200F6F149 /* DesignAnInterfaceTests */ = {
			isa = PBXNativeTarget;
			buildConfigurationList = 18B773402CBF20F200F6F149 /* Build configuration list for PBXNativeTarget "DesignAnInterfaceTests" */;
			buildPhases = (
				18B773252CBF20F200F6F149 /* Sources */,
				18B773262CBF20F200F6F149 /* Frameworks */,
				18B773272CBF20F200F6F149 /* Resources */,
			);
			buildRules = (
			);
			dependencies = (
				18B7732B2CBF20F200F6F149 /* PBXTargetDependency */,
			);
			name = DesignAnInterfaceTests;
			productName = DesignAnInterfaceTests;
			productReference = 18B773292CBF20F200F6F149 /* DesignAnInterfaceTests.xctest */;
			productType = "com.apple.product-type.bundle.unit-test";
		};
		18B773322CBF20F200F6F149 /* DesignAnInterfaceUITests */ = {
			isa = PBXNativeTarget;
			buildConfigurationList = 18B773432CBF20F200F6F149 /* Build configuration list for PBXNativeTarget "DesignAnInterfaceUITests" */;
			buildPhases = (
				18B7732F2CBF20F200F6F149 /* Sources */,
				18B773302CBF20F200F6F149 /* Frameworks */,
				18B773312CBF20F200F6F149 /* Resources */,
			);
			buildRules = (
			);
			dependencies = (
				18B773352CBF20F200F6F149 /* PBXTargetDependency */,
			);
			name = DesignAnInterfaceUITests;
			productName = DesignAnInterfaceUITests;
			productReference = 18B773332CBF20F200F6F149 /* DesignAnInterfaceUITests.xctest */;
			productType = "com.apple.product-type.bundle.ui-testing";
		};
/* End PBXNativeTarget section */

/* Begin PBXProject section */
		18B773112CBF20F100F6F149 /* Project object */ = {
			isa = PBXProject;
			attributes = {
				BuildIndependentTargetsInParallel = 1;
				LastSwiftUpdateCheck = 1540;
				LastUpgradeCheck = 1540;
				TargetAttributes = {
					18B773182CBF20F100F6F149 = {
						CreatedOnToolsVersion = 15.4;
					};
					18B773282CBF20F200F6F149 = {
						CreatedOnToolsVersion = 15.4;
						TestTargetID = 18B773182CBF20F100F6F149;
					};
					18B773322CBF20F200F6F149 = {
						CreatedOnToolsVersion = 15.4;
						TestTargetID = 18B773182CBF20F100F6F149;
					};
				};
			};
			buildConfigurationList = 18B773142CBF20F100F6F149 /* Build configuration list for PBXProject "DesignAnInterface" */;
			compatibilityVersion = "Xcode 14.0";
			developmentRegion = en;
			hasScannedForEncodings = 0;
			knownRegions = (
				en,
				Base,
			);
			mainGroup = 18B773102CBF20F100F6F149;
			productRefGroup = 18B7731A2CBF20F100F6F149 /* Products */;
			projectDirPath = "";
			projectRoot = "";
			targets = (
				18B773182CBF20F100F6F149 /* DesignAnInterface */,
				18B773282CBF20F200F6F149 /* DesignAnInterfaceTests */,
				18B773322CBF20F200F6F149 /* DesignAnInterfaceUITests */,
			);
		};
/* End PBXProject section */

/* Begin PBXResourcesBuildPhase section */
		18B773172CBF20F100F6F149 /* Resources */ = {
			isa = PBXResourcesBuildPhase;
			buildActionMask = 2147483647;
			files = (
				18B773242CBF20F200F6F149 /* Preview Assets.xcassets in Resources */,
				18B773212CBF20F200F6F149 /* Assets.xcassets in Resources */,
			);
			runOnlyForDeploymentPostprocessing = 0;
		};
		18B773272CBF20F200F6F149 /* Resources */ = {
			isa = PBXResourcesBuildPhase;
			buildActionMask = 2147483647;
			files = (
			);
			runOnlyForDeploymentPostprocessing = 0;
		};
		18B773312CBF20F200F6F149 /* Resources */ = {
			isa = PBXResourcesBuildPhase;
			buildActionMask = 2147483647;
			files = (
			);
			runOnlyForDeploymentPostprocessing = 0;
		};
/* End PBXResourcesBuildPhase section */

/* Begin PBXSourcesBuildPhase section */
		18B773152CBF20F100F6F149 /* Sources */ = {
			isa = PBXSourcesBuildPhase;
			buildActionMask = 2147483647;
			files = (
				18B7731F2CBF20F100F6F149 /* ContentView.swift in Sources */,
				18B7731D2CBF20F100F6F149 /* DesignAnInterfaceApp.swift in Sources */,
			);
			runOnlyForDeploymentPostprocessing = 0;
		};
		18B773252CBF20F200F6F149 /* Sources */ = {
			isa = PBXSourcesBuildPhase;
			buildActionMask = 2147483647;
			files = (
				18B7732E2CBF20F200F6F149 /* DesignAnInterfaceTests.swift in Sources */,
			);
			runOnlyForDeploymentPostprocessing = 0;
		};
		18B7732F2CBF20F200F6F149 /* Sources */ = {
			isa = PBXSourcesBuildPhase;
			buildActionMask = 2147483647;
			files = (
				18B773382CBF20F200F6F149 /* DesignAnInterfaceUITests.swift in Sources */,
				18B7733A2CBF20F200F6F149 /* DesignAnInterfaceUITestsLaunchTests.swift in Sources */,
			);
			runOnlyForDeploymentPostprocessing = 0;
		};
/* End PBXSourcesBuildPhase section */

/* Begin PBXTargetDependency section */
		18B7732B2CBF20F200F6F149 /* PBXTargetDependency */ = {
			isa = PBXTargetDependency;
			target = 18B773182CBF20F100F6F149 /* DesignAnInterface */;
			targetProxy = 18B7732A2CBF20F200F6F149 /* PBXContainerItemProxy */;
		};
		18B773352CBF20F200F6F149 /* PBXTargetDependency */ = {
			isa = PBXTargetDependency;
			target = 18B773182CBF20F100F6F149 /* DesignAnInterface */;
			targetProxy = 18B773342CBF20F200F6F149 /* PBXContainerItemProxy */;
		};
/* End PBXTargetDependency section */

/* Begin XCBuildConfiguration section */
		18B7733B2CBF20F200F6F149 /* Debug */ = {
			isa = XCBuildConfiguration;
			buildSettings = {
				ALWAYS_SEARCH_USER_PATHS = NO;
				ASSETCATALOG_COMPILER_GENERATE_SWIFT_ASSET_SYMBOL_EXTENSIONS = YES;
				CLANG_ANALYZER_NONNULL = YES;
				CLANG_ANALYZER_NUMBER_OBJECT_CONVERSION = YES_AGGRESSIVE;
				CLANG_CXX_LANGUAGE_STANDARD = "gnu++20";
				CLANG_ENABLE_MODULES = YES;
				CLANG_ENABLE_OBJC_ARC = YES;
				CLANG_ENABLE_OBJC_WEAK = YES;
				CLANG_WARN_BLOCK_CAPTURE_AUTORELEASING = YES;
				CLANG_WARN_BOOL_CONVERSION = YES;
				CLANG_WARN_COMMA = YES;
				CLANG_WARN_CONSTANT_CONVERSION = YES;
				CLANG_WARN_DEPRECATED_OBJC_IMPLEMENTATIONS = YES;
				CLANG_WARN_DIRECT_OBJC_ISA_USAGE = YES_ERROR;
				CLANG_WARN_DOCUMENTATION_COMMENTS = YES;
				CLANG_WARN_EMPTY_BODY = YES;
				CLANG_WARN_ENUM_CONVERSION = YES;
				CLANG_WARN_INFINITE_RECURSION = YES;
				CLANG_WARN_INT_CONVERSION = YES;
				CLANG_WARN_NON_LITERAL_NULL_CONVERSION = YES;
				CLANG_WARN_OBJC_IMPLICIT_RETAIN_SELF = YES;
				CLANG_WARN_OBJC_LITERAL_CONVERSION = YES;
				CLANG_WARN_OBJC_ROOT_CLASS = YES_ERROR;
				CLANG_WARN_QUOTED_INCLUDE_IN_FRAMEWORK_HEADER = YES;
				CLANG_WARN_RANGE_LOOP_ANALYSIS = YES;
				CLANG_WARN_STRICT_PROTOTYPES = YES;
				CLANG_WARN_SUSPICIOUS_MOVE = YES;
				CLANG_WARN_UNGUARDED_AVAILABILITY = YES_AGGRESSIVE;
				CLANG_WARN_UNREACHABLE_CODE = YES;
				CLANG_WARN__DUPLICATE_METHOD_MATCH = YES;
				COPY_PHASE_STRIP = NO;
				DEBUG_INFORMATION_FORMAT = dwarf;
				ENABLE_STRICT_OBJC_MSGSEND = YES;
				ENABLE_TESTABILITY = YES;
				ENABLE_USER_SCRIPT_SANDBOXING = YES;
				GCC_C_LANGUAGE_STANDARD = gnu17;
				GCC_DYNAMIC_NO_PIC = NO;
				GCC_NO_COMMON_BLOCKS = YES;
				GCC_OPTIMIZATION_LEVEL = 0;
				GCC_PREPROCESSOR_DEFINITIONS = (
					"DEBUG=1",
					"$(inherited)",
				);
				GCC_WARN_64_TO_32_BIT_CONVERSION = YES;
				GCC_WARN_ABOUT_RETURN_TYPE = YES_ERROR;
				GCC_WARN_UNDECLARED_SELECTOR = YES;
				GCC_WARN_UNINITIALIZED_AUTOS = YES_AGGRESSIVE;
				GCC_WARN_UNUSED_FUNCTION = YES;
				GCC_WARN_UNUSED_VARIABLE = YES;
				IPHONEOS_DEPLOYMENT_TARGET = 17.5;
				LOCALIZATION_PREFERS_STRING_CATALOGS = YES;
				MTL_ENABLE_DEBUG_INFO = INCLUDE_SOURCE;
				MTL_FAST_MATH = YES;
				ONLY_ACTIVE_ARCH = YES;
				SDKROOT = iphoneos;
				SWIFT_ACTIVE_COMPILATION_CONDITIONS = "DEBUG $(inherited)";
				SWIFT_OPTIMIZATION_LEVEL = "-Onone";
			};
			name = Debug;
		};
		18B7733C2CBF20F200F6F149 /* Release */ = {
			isa = XCBuildConfiguration;
			buildSettings = {
				ALWAYS_SEARCH_USER_PATHS = NO;
				ASSETCATALOG_COMPILER_GENERATE_SWIFT_ASSET_SYMBOL_EXTENSIONS = YES;
				CLANG_ANALYZER_NONNULL = YES;
				CLANG_ANALYZER_NUMBER_OBJECT_CONVERSION = YES_AGGRESSIVE;
				CLANG_CXX_LANGUAGE_STANDARD = "gnu++20";
				CLANG_ENABLE_MODULES = YES;
				CLANG_ENABLE_OBJC_ARC = YES;
				CLANG_ENABLE_OBJC_WEAK = YES;
				CLANG_WARN_BLOCK_CAPTURE_AUTORELEASING = YES;
				CLANG_WARN_BOOL_CONVERSION = YES;
				CLANG_WARN_COMMA = YES;
				CLANG_WARN_CONSTANT_CONVERSION = YES;
				CLANG_WARN_DEPRECATED_OBJC_IMPLEMENTATIONS = YES;
				CLANG_WARN_DIRECT_OBJC_ISA_USAGE = YES_ERROR;
				CLANG_WARN_DOCUMENTATION_COMMENTS = YES;
				CLANG_WARN_EMPTY_BODY = YES;
				CLANG_WARN_ENUM_CONVERSION = YES;
				CLANG_WARN_INFINITE_RECURSION = YES;
				CLANG_WARN_INT_CONVERSION = YES;
				CLANG_WARN_NON_LITERAL_NULL_CONVERSION = YES;
				CLANG_WARN_OBJC_IMPLICIT_RETAIN_SELF = YES;
				CLANG_WARN_OBJC_LITERAL_CONVERSION = YES;
				CLANG_WARN_OBJC_ROOT_CLASS = YES_ERROR;
				CLANG_WARN_QUOTED_INCLUDE_IN_FRAMEWORK_HEADER = YES;
				CLANG_WARN_RANGE_LOOP_ANALYSIS = YES;
				CLANG_WARN_STRICT_PROTOTYPES = YES;
				CLANG_WARN_SUSPICIOUS_MOVE = YES;
				CLANG_WARN_UNGUARDED_AVAILABILITY = YES_AGGRESSIVE;
				CLANG_WARN_UNREACHABLE_CODE = YES;
				CLANG_WARN__DUPLICATE_METHOD_MATCH = YES;
				COPY_PHASE_STRIP = NO;
				DEBUG_INFORMATION_FORMAT = "dwarf-with-dsym";
				ENABLE_NS_ASSERTIONS = NO;
				ENABLE_STRICT_OBJC_MSGSEND = YES;
				ENABLE_USER_SCRIPT_SANDBOXING = YES;
				GCC_C_LANGUAGE_STANDARD = gnu17;
				GCC_NO_COMMON_BLOCKS = YES;
				GCC_WARN_64_TO_32_BIT_CONVERSION = YES;
				GCC_WARN_ABOUT_RETURN_TYPE = YES_ERROR;
				GCC_WARN_UNDECLARED_SELECTOR = YES;
				GCC_WARN_UNINITIALIZED_AUTOS = YES_AGGRESSIVE;
				GCC_WARN_UNUSED_FUNCTION = YES;
				GCC_WARN_UNUSED_VARIABLE = YES;
				IPHONEOS_DEPLOYMENT_TARGET = 17.5;
				LOCALIZATION_PREFERS_STRING_CATALOGS = YES;
				MTL_ENABLE_DEBUG_INFO = NO;
				MTL_FAST_MATH = YES;
				SDKROOT = iphoneos;
				SWIFT_COMPILATION_MODE = wholemodule;
				VALIDATE_PRODUCT = YES;
			};
			name = Release;
		};
		18B7733E2CBF20F200F6F149 /* Debug */ = {
			isa = XCBuildConfiguration;
			buildSettings = {
				ASSETCATALOG_COMPILER_APPICON_NAME = AppIcon;
				ASSETCATALOG_COMPILER_GLOBAL_ACCENT_COLOR_NAME = AccentColor;
				CODE_SIGN_STYLE = Automatic;
				CURRENT_PROJECT_VERSION = 1;
				DEVELOPMENT_ASSET_PATHS = "\"DesignAnInterface/Preview Content\"";
				ENABLE_PREVIEWS = YES;
				GENERATE_INFOPLIST_FILE = YES;
				INFOPLIST_KEY_UIApplicationSceneManifest_Generation = YES;
				INFOPLIST_KEY_UIApplicationSupportsIndirectInputEvents = YES;
				INFOPLIST_KEY_UILaunchScreen_Generation = YES;
				INFOPLIST_KEY_UISupportedInterfaceOrientations_iPad = "UIInterfaceOrientationPortrait UIInterfaceOrientationPortraitUpsideDown UIInterfaceOrientationLandscapeLeft UIInterfaceOrientationLandscapeRight";
				INFOPLIST_KEY_UISupportedInterfaceOrientations_iPhone = "UIInterfaceOrientationPortrait UIInterfaceOrientationLandscapeLeft UIInterfaceOrientationLandscapeRight";
				LD_RUNPATH_SEARCH_PATHS = (
					"$(inherited)",
					"@executable_path/Frameworks",
				);
				MARKETING_VERSION = 1.0;
				PRODUCT_BUNDLE_IDENTIFIER = Kevin.DesignAnInterface;
				PRODUCT_NAME = "$(TARGET_NAME)";
				SWIFT_EMIT_LOC_STRINGS = YES;
				SWIFT_VERSION = 5.0;
				TARGETED_DEVICE_FAMILY = "1,2";
			};
			name = Debug;
		};
		18B7733F2CBF20F200F6F149 /* Release */ = {
			isa = XCBuildConfiguration;
			buildSettings = {
				ASSETCATALOG_COMPILER_APPICON_NAME = AppIcon;
				ASSETCATALOG_COMPILER_GLOBAL_ACCENT_COLOR_NAME = AccentColor;
				CODE_SIGN_STYLE = Automatic;
				CURRENT_PROJECT_VERSION = 1;
				DEVELOPMENT_ASSET_PATHS = "\"DesignAnInterface/Preview Content\"";
				ENABLE_PREVIEWS = YES;
				GENERATE_INFOPLIST_FILE = YES;
				INFOPLIST_KEY_UIApplicationSceneManifest_Generation = YES;
				INFOPLIST_KEY_UIApplicationSupportsIndirectInputEvents = YES;
				INFOPLIST_KEY_UILaunchScreen_Generation = YES;
				INFOPLIST_KEY_UISupportedInterfaceOrientations_iPad = "UIInterfaceOrientationPortrait UIInterfaceOrientationPortraitUpsideDown UIInterfaceOrientationLandscapeLeft UIInterfaceOrientationLandscapeRight";
				INFOPLIST_KEY_UISupportedInterfaceOrientations_iPhone = "UIInterfaceOrientationPortrait UIInterfaceOrientationLandscapeLeft UIInterfaceOrientationLandscapeRight";
				LD_RUNPATH_SEARCH_PATHS = (
					"$(inherited)",
					"@executable_path/Frameworks",
				);
				MARKETING_VERSION = 1.0;
				PRODUCT_BUNDLE_IDENTIFIER = Kevin.DesignAnInterface;
				PRODUCT_NAME = "$(TARGET_NAME)";
				SWIFT_EMIT_LOC_STRINGS = YES;
				SWIFT_VERSION = 5.0;
				TARGETED_DEVICE_FAMILY = "1,2";
			};
			name = Release;
		};
		18B773412CBF20F200F6F149 /* Debug */ = {
			isa = XCBuildConfiguration;
			buildSettings = {
				ALWAYS_EMBED_SWIFT_STANDARD_LIBRARIES = YES;
				BUNDLE_LOADER = "$(TEST_HOST)";
				CODE_SIGN_STYLE = Automatic;
				CURRENT_PROJECT_VERSION = 1;
				GENERATE_INFOPLIST_FILE = YES;
				IPHONEOS_DEPLOYMENT_TARGET = 17.5;
				MARKETING_VERSION = 1.0;
				PRODUCT_BUNDLE_IDENTIFIER = Kevin.DesignAnInterfaceTests;
				PRODUCT_NAME = "$(TARGET_NAME)";
				SWIFT_EMIT_LOC_STRINGS = NO;
				SWIFT_VERSION = 5.0;
				TARGETED_DEVICE_FAMILY = "1,2";
				TEST_HOST = "$(BUILT_PRODUCTS_DIR)/DesignAnInterface.app/$(BUNDLE_EXECUTABLE_FOLDER_PATH)/DesignAnInterface";
			};
			name = Debug;
		};
		18B773422CBF20F200F6F149 /* Release */ = {
			isa = XCBuildConfiguration;
			buildSettings = {
				ALWAYS_EMBED_SWIFT_STANDARD_LIBRARIES = YES;
				BUNDLE_LOADER = "$(TEST_HOST)";
				CODE_SIGN_STYLE = Automatic;
				CURRENT_PROJECT_VERSION = 1;
				GENERATE_INFOPLIST_FILE = YES;
				IPHONEOS_DEPLOYMENT_TARGET = 17.5;
				MARKETING_VERSION = 1.0;
				PRODUCT_BUNDLE_IDENTIFIER = Kevin.DesignAnInterfaceTests;
				PRODUCT_NAME = "$(TARGET_NAME)";
				SWIFT_EMIT_LOC_STRINGS = NO;
				SWIFT_VERSION = 5.0;
				TARGETED_DEVICE_FAMILY = "1,2";
				TEST_HOST = "$(BUILT_PRODUCTS_DIR)/DesignAnInterface.app/$(BUNDLE_EXECUTABLE_FOLDER_PATH)/DesignAnInterface";
			};
			name = Release;
		};
		18B773442CBF20F200F6F149 /* Debug */ = {
			isa = XCBuildConfiguration;
			buildSettings = {
				ALWAYS_EMBED_SWIFT_STANDARD_LIBRARIES = YES;
				CODE_SIGN_STYLE = Automatic;
				CURRENT_PROJECT_VERSION = 1;
				GENERATE_INFOPLIST_FILE = YES;
				MARKETING_VERSION = 1.0;
				PRODUCT_BUNDLE_IDENTIFIER = Kevin.DesignAnInterfaceUITests;
				PRODUCT_NAME = "$(TARGET_NAME)";
				SWIFT_EMIT_LOC_STRINGS = NO;
				SWIFT_VERSION = 5.0;
				TARGETED_DEVICE_FAMILY = "1,2";
				TEST_TARGET_NAME = DesignAnInterface;
			};
			name = Debug;
		};
		18B773452CBF20F200F6F149 /* Release */ = {
			isa = XCBuildConfiguration;
			buildSettings = {
				ALWAYS_EMBED_SWIFT_STANDARD_LIBRARIES = YES;
				CODE_SIGN_STYLE = Automatic;
				CURRENT_PROJECT_VERSION = 1;
				GENERATE_INFOPLIST_FILE = YES;
				MARKETING_VERSION = 1.0;
				PRODUCT_BUNDLE_IDENTIFIER = Kevin.DesignAnInterfaceUITests;
				PRODUCT_NAME = "$(TARGET_NAME)";
				SWIFT_EMIT_LOC_STRINGS = NO;
				SWIFT_VERSION = 5.0;
				TARGETED_DEVICE_FAMILY = "1,2";
				TEST_TARGET_NAME = DesignAnInterface;
			};
			name = Release;
		};
/* End XCBuildConfiguration section */

/* Begin XCConfigurationList section */
		18B773142CBF20F100F6F149 /* Build configuration list for PBXProject "DesignAnInterface" */ = {
			isa = XCConfigurationList;
			buildConfigurations = (
				18B7733B2CBF20F200F6F149 /* Debug */,
				18B7733C2CBF20F200F6F149 /* Release */,
			);
			defaultConfigurationIsVisible = 0;
			defaultConfigurationName = Release;
		};
		18B7733D2CBF20F200F6F149 /* Build configuration list for PBXNativeTarget "DesignAnInterface" */ = {
			isa = XCConfigurationList;
			buildConfigurations = (
				18B7733E2CBF20F200F6F149 /* Debug */,
				18B7733F2CBF20F200F6F149 /* Release */,
			);
			defaultConfigurationIsVisible = 0;
			defaultConfigurationName = Release;
		};
		18B773402CBF20F200F6F149 /* Build configuration list for PBXNativeTarget "DesignAnInterfaceTests" */ = {
			isa = XCConfigurationList;
			buildConfigurations = (
				18B773412CBF20F200F6F149 /* Debug */,
				18B773422CBF20F200F6F149 /* Release */,
			);
			defaultConfigurationIsVisible = 0;
			defaultConfigurationName = Release;
		};
		18B773432CBF20F200F6F149 /* Build configuration list for PBXNativeTarget "DesignAnInterfaceUITests" */ = {
			isa = XCConfigurationList;
			buildConfigurations = (
				18B773442CBF20F200F6F149 /* Debug */,
				18B773452CBF20F200F6F149 /* Release */,
			);
			defaultConfigurationIsVisible = 0;
			defaultConfigurationName = Release;
		};
/* End XCConfigurationList section */
	};
	rootObject = 18B773112CBF20F100F6F149 /* Project object */;
}
